
Microsoft Visual Studio Solution File, Format Version 12.00
Project("{2150E333-8FDC-42A3-9474-1A3956D46DE8}") = "A-Interactor", "A-Interactor", "{80284958-3004-44A4-BDD4-8329EADA22AC}"
EndProject
Project("{FAE04EC0-301F-11D3-BF4B-00C04F79EFBC}") = "Interactor", "Interactor\Interactor.csproj", "{7F9DBD5E-DF84-4AC3-88B4-25647692B3E5}"
EndProject
Project("{FAE04EC0-301F-11D3-BF4B-00C04F79EFBC}") = "Interactor.Tests", "Interactor.Tests\Interactor.Tests.csproj", "{40AC540F-B5C2-43CD-B59E-9332CEC63627}"
EndProject
Project("{2150E333-8FDC-42A3-9474-1A3956D46DE8}") = "B-Subway", "B-Subway", "{0809A18A-6269-4627-A5A9-7769D3C54EF6}"
EndProject
Project("{FAE04EC0-301F-11D3-BF4B-00C04F79EFBC}") = "Subway", "Subway\Subway.csproj", "{1A638CEB-B863-4D50-86AF-9D053860DF7F}"
EndProject
Project("{FAE04EC0-301F-11D3-BF4B-00C04F79EFBC}") = "Subway.Tests", "Subway.Tests\Subway.Tests.csproj", "{E0928FE7-7B94-4FA7-86B3-F1D490A12701}"
EndProject
Project("{2150E333-8FDC-42A3-9474-1A3956D46DE8}") = "C-Dates", "C-Dates", "{7F5B35FC-9421-4D23-BD97-6B7157BC7F6E}"
EndProject
Project("{FAE04EC0-301F-11D3-BF4B-00C04F79EFBC}") = "Dates", "Dates\Dates.csproj", "{7691A450-6A3E-49FF-80B9-6FACFE8958DE}"
EndProject
Project("{FAE04EC0-301F-11D3-BF4B-00C04F79EFBC}") = "Dates.Tests", "Dates.Tests\Dates.Tests.csproj", "{AD13C001-FDC4-44CC-93F0-EC152C802144}"
EndProject
Project("{2150E333-8FDC-42A3-9474-1A3956D46DE8}") = "D-SchoolBuilding", "D-SchoolBuilding", "{32B5D841-6B50-43FB-9900-95CE75EA5C2A}"
EndProject
Project("{FAE04EC0-301F-11D3-BF4B-00C04F79EFBC}") = "SchoolBuilding.Tests", "SchoolBuilding.Tests\SchoolBuilding.Tests.csproj", "{832A11C4-4292-4F0F-97E0-6EFF957D0EF1}"
EndProject
Project("{FAE04EC0-301F-11D3-BF4B-00C04F79EFBC}") = "SchoolBuilding", "SchoolBuilding\SchoolBuilding.csproj", "{13A107ED-4E04-4724-9FF6-2D4ACC96095F}"
EndProject
Project("{2150E333-8FDC-42A3-9474-1A3956D46DE8}") = "E-TraingleAndPoint", "E-TraingleAndPoint", "{7C31F9BB-C693-4ED3-9056-B34A83472A6C}"
EndProject
Project("{FAE04EC0-301F-11D3-BF4B-00C04F79EFBC}") = "TraingleAndPoint", "TraingleAndPoint\TraingleAndPoint.csproj", "{AD490101-214A-4A1D-A687-FB8BC8B96C5C}"
EndProject
Project("{FAE04EC0-301F-11D3-BF4B-00C04F79EFBC}") = "TraingleAndPoing.Tests", "TraingleAndPoing.Tests\TraingleAndPoing.Tests.csproj", "{9B202A26-B84B-41D7-87D7-572EB6A6C3AF}"
EndProject
Project("{2150E333-8FDC-42A3-9474-1A3956D46DE8}") = "Homework1", "Homework1", "{7CEAF0F5-8454-48B7-B02A-E54B782F4E90}"
EndProject
Project("{2150E333-8FDC-42A3-9474-1A3956D46DE8}") = "Homework2", "Homework2", "{7E90B727-188B-43F5-BFB6-C39B9C27D5A7}"
EndProject
Project("{2150E333-8FDC-42A3-9474-1A3956D46DE8}") = "A-MaxCount", "A-MaxCount", "{D30EFD3C-63BB-489F-93A8-20EEA820B4FF}"
EndProject
Project("{FAE04EC0-301F-11D3-BF4B-00C04F79EFBC}") = "MaxCount", "MaxCount\MaxCount.csproj", "{46056E40-8E48-43B7-90AE-39BEC940E940}"
EndProject
Project("{FAE04EC0-301F-11D3-BF4B-00C04F79EFBC}") = "MaxCount.Tests", "MaxCount.Tests\MaxCount.Tests.csproj", "{6F2DAEBE-B4AF-4153-B02D-618860490DCA}"
EndProject
Project("{2150E333-8FDC-42A3-9474-1A3956D46DE8}") = "B-HousesAndShops", "B-HousesAndShops", "{3B8389CE-F0B5-4A94-881A-4014487415D6}"
EndProject
Project("{FAE04EC0-301F-11D3-BF4B-00C04F79EFBC}") = "HousesAndShops", "HousesAndShops\HousesAndShops.csproj", "{86F93A2E-5A72-41E7-A8DB-6F8D8C645521}"
EndProject
Project("{FAE04EC0-301F-11D3-BF4B-00C04F79EFBC}") = "HousesAndShops.Tests", "HousesAndShops.Tests\HousesAndShops.Tests.csproj", "{0A412E0D-FB29-4C7B-B623-46547126AFCE}"
EndProject
Project("{2150E333-8FDC-42A3-9474-1A3956D46DE8}") = "C-Palindrome", "C-Palindrome", "{74414AED-E6B9-4A21-89A1-B3DF9D99C7A2}"
EndProject
Project("{FAE04EC0-301F-11D3-BF4B-00C04F79EFBC}") = "Palindrome", "Palindrome\Palindrome.csproj", "{A3FCD0D0-BB1A-4562-97C1-B304D0914F71}"
EndProject
Project("{FAE04EC0-301F-11D3-BF4B-00C04F79EFBC}") = "Palindrome.Tests", "Palindrome.Tests\Palindrome.Tests.csproj", "{A2B2B30C-9B81-4CA3-BCAA-B33BF0E98BF2}"
EndProject
Project("{2150E333-8FDC-42A3-9474-1A3956D46DE8}") = "D-BenchesInTheAtrium", "D-BenchesInTheAtrium", "{DF522D08-DC37-45FC-A15F-1A10098854E9}"
EndProject
Project("{FAE04EC0-301F-11D3-BF4B-00C04F79EFBC}") = "BenchesInTheAtrium.Tests", "BenchesInTheAtrium.Tests\BenchesInTheAtrium.Tests.csproj", "{A973C405-08AC-4E39-8C6D-FD7D04175006}"
EndProject
Project("{FAE04EC0-301F-11D3-BF4B-00C04F79EFBC}") = "BenchesInTheAtrium", "BenchesInTheAtrium\BenchesInTheAtrium.csproj", "{E332874F-2F00-407C-BECF-198EE769FD5A}"
EndProject
Project("{2150E333-8FDC-42A3-9474-1A3956D46DE8}") = "E-DiplomasInFolders", "E-DiplomasInFolders", "{C5B39218-F647-4465-9330-1B4A1E0FF6C3}"
EndProject
Project("{FAE04EC0-301F-11D3-BF4B-00C04F79EFBC}") = "DiplomasInFolders", "DiplomasInFolders\DiplomasInFolders.csproj", "{5C78FF78-C813-4259-AD98-317521626DF1}"
EndProject
Project("{FAE04EC0-301F-11D3-BF4B-00C04F79EFBC}") = "DiplomasInFolders.Tests", "DiplomasInFolders.Tests\DiplomasInFolders.Tests.csproj", "{82A1C8AB-972D-4CDD-BAAB-87B74862E065}"
EndProject
Project("{2150E333-8FDC-42A3-9474-1A3956D46DE8}") = "Homework3", "Homework3", "{36AF27C6-F52B-4107-80F0-C8556720F311}"
EndProject
Project("{FAE04EC0-301F-11D3-BF4B-00C04F79EFBC}") = "Intersect", "Intersect\Intersect.csproj", "{54331045-3F59-4148-BEC0-0D3C9D596AD4}"
EndProject
Project("{FAE04EC0-301F-11D3-BF4B-00C04F79EFBC}") = "Intersect.Tests", "Intersect.Tests\Intersect.Tests.csproj", "{6EE107B3-C738-4F45-B317-B27DE3C3D2B8}"
EndProject
Project("{2150E333-8FDC-42A3-9474-1A3956D46DE8}") = "A-Intersect", "A-Intersect", "{9BEA27F5-3186-4AAB-A3E9-A309D2FFC15C}"
EndProject
Project("{2150E333-8FDC-42A3-9474-1A3956D46DE8}") = "B-WasItNumberBefore", "B-WasItNumberBefore", "{D64A618F-6E0E-45E7-8345-F9D8EE9014D1}"
EndProject
Project("{FAE04EC0-301F-11D3-BF4B-00C04F79EFBC}") = "WasItNumberBefore", "WasItNumberBefore\WasItNumberBefore.csproj", "{DDF2A2BE-97C1-4F27-9CDA-0C667A282742}"
EndProject
Project("{FAE04EC0-301F-11D3-BF4B-00C04F79EFBC}") = "WasItNumberBefore.Tests", "WasItNumberBefore.Tests\WasItNumberBefore.Tests.csproj", "{46FB6D59-00EF-47F0-AA15-DA45ADD15578}"
EndProject
Project("{2150E333-8FDC-42A3-9474-1A3956D46DE8}") = "C-UniqueElements", "C-UniqueElements", "{A5FD9DA0-E4A7-463C-8C7F-7C62972640BE}"
EndProject
Project("{FAE04EC0-301F-11D3-BF4B-00C04F79EFBC}") = "UniqueElements", "UniqueElements\UniqueElements.csproj", "{6AA8197B-DF26-4804-84F9-DE0A7ACEF2F0}"
EndProject
Project("{FAE04EC0-301F-11D3-BF4B-00C04F79EFBC}") = "UniqueElements.Tests", "UniqueElements.Tests\UniqueElements.Tests.csproj", "{8CB1B403-456B-4809-834C-B8CC905282D4}"
EndProject
Project("{2150E333-8FDC-42A3-9474-1A3956D46DE8}") = "D-GuessTheNumber", "D-GuessTheNumber", "{0E8ED1EC-7F49-4A9B-A560-CD495636968C}"
EndProject
Project("{FAE04EC0-301F-11D3-BF4B-00C04F79EFBC}") = "GuessTheNumber", "GuessTheNumber\GuessTheNumber.csproj", "{9CEB45E4-4F64-49DD-9F5C-085F04655AE4}"
EndProject
Project("{2150E333-8FDC-42A3-9474-1A3956D46DE8}") = "E-NumberPlates", "E-NumberPlates", "{874DE7DD-8504-4566-A34A-A69A6762638A}"
EndProject
Project("{FAE04EC0-301F-11D3-BF4B-00C04F79EFBC}") = "NumberPlates", "NumberPlates\NumberPlates.csproj", "{56603F79-3120-4B9E-BDD2-259ECA46F408}"
EndProject
Project("{2150E333-8FDC-42A3-9474-1A3956D46DE8}") = "Homework4", "Homework4", "{621D8841-D423-4537-93B0-1B594A6F7512}"
EndProject
Project("{2150E333-8FDC-42A3-9474-1A3956D46DE8}") = "A-TolyaKarp", "A-TolyaKarp", "{2694059D-61D6-4AD8-9BAF-08BADC09D95C}"
EndProject
Project("{FAE04EC0-301F-11D3-BF4B-00C04F79EFBC}") = "TolyaKarp", "TolyaKarp\TolyaKarp.csproj", "{DD1EC6B6-2624-43C7-85CA-3E66A4FF7CD4}"
EndProject
Project("{2150E333-8FDC-42A3-9474-1A3956D46DE8}") = "B-UsaElection", "B-UsaElection", "{6634F521-8CCB-4734-82C4-DCC39535F5C5}"
EndProject
Project("{FAE04EC0-301F-11D3-BF4B-00C04F79EFBC}") = "UsaElection", "UsaElection\UsaElection.csproj", "{B43499A6-92EC-4F42-984A-E639B4BCCDF0}"
EndProject
Project("{2150E333-8FDC-42A3-9474-1A3956D46DE8}") = "C-FrequencyAnalysis", "C-FrequencyAnalysis", "{F09D87FD-B81F-4F9E-BDE9-E8977D8B1DB3}"
EndProject
Project("{FAE04EC0-301F-11D3-BF4B-00C04F79EFBC}") = "FrequencyAnalysis", "FrequencyAnalysis\FrequencyAnalysis.csproj", "{9E44A5C6-C0DB-4D0E-8279-3A8FDBEC9D51}"
EndProject
Project("{2150E333-8FDC-42A3-9474-1A3956D46DE8}") = "D-StateDumaElection", "D-StateDumaElection", "{96BEC30A-0F99-4489-9C9F-5201D1D3D369}"
EndProject
Project("{FAE04EC0-301F-11D3-BF4B-00C04F79EFBC}") = "StateDumaElection", "StateDumaElection\StateDumaElection.csproj", "{EFFA3DC3-573F-4F8B-AA7F-F9C6A55E623B}"
EndProject
Project("{2150E333-8FDC-42A3-9474-1A3956D46DE8}") = "E-Forum", "E-Forum", "{224F4BBA-EFAB-4B79-B33A-3327EC428996}"
EndProject
Project("{FAE04EC0-301F-11D3-BF4B-00C04F79EFBC}") = "Forum", "Forum\Forum.csproj", "{D2AD56D4-9BB8-43DA-8889-94B3C07AC3B1}"
EndProject
Project("{2150E333-8FDC-42A3-9474-1A3956D46DE8}") = "Homework5", "Homework5", "{8E91D501-0D93-4516-9DAE-AC6E21C9F5E9}"
EndProject
Project("{2150E333-8FDC-42A3-9474-1A3956D46DE8}") = "A-PrefixSum", "A-PrefixSum", "{F7818B1E-3B98-4DE8-886C-313AD962B75C}"
EndProject
Project("{FAE04EC0-301F-11D3-BF4B-00C04F79EFBC}") = "PrefixSum", "PrefixSum\PrefixSum.csproj", "{A9A328A2-2474-4B5A-8F1C-85C533ECC77F}"
EndProject
Project("{2150E333-8FDC-42A3-9474-1A3956D46DE8}") = "B-MaxSum", "B-MaxSum", "{B3C801A4-5222-474D-998F-7FBD0CBB0B12}"
EndProject
Project("{FAE04EC0-301F-11D3-BF4B-00C04F79EFBC}") = "MaxSum", "MaxSum\MaxSum.csproj", "{D8A05576-C74C-4098-A8BB-5D9C7AADE973}"
EndProject
Project("{2150E333-8FDC-42A3-9474-1A3956D46DE8}") = "C-ComputerForEveryone", "C-ComputerForEveryone", "{69A7E8EF-A3C6-492F-8B82-4175D32B93B7}"
EndProject
Project("{FAE04EC0-301F-11D3-BF4B-00C04F79EFBC}") = "ComputerForEveryone.Tests", "ComputerForEveryone.Tests\ComputerForEveryone.Tests.csproj", "{D69A342C-FE0C-4ADE-AD9C-A5596EAB0F1D}"
EndProject
Project("{FAE04EC0-301F-11D3-BF4B-00C04F79EFBC}") = "ComputerForEveryone", "ComputerForEveryone\ComputerForEveryone.csproj", "{AAFC09AF-4743-433C-A4EC-1A8DADFE6D03}"
EndProject
Project("{2150E333-8FDC-42A3-9474-1A3956D46DE8}") = "D-BracketSequence", "D-BracketSequence", "{F654271B-9710-4791-8347-8F9CF5E4BD42}"
EndProject
Project("{FAE04EC0-301F-11D3-BF4B-00C04F79EFBC}") = "BracketSequence", "BracketSequence\BracketSequence.csproj", "{211CA7F3-9122-4FE7-A149-2FC7581F0DDE}"
EndProject
Project("{FAE04EC0-301F-11D3-BF4B-00C04F79EFBC}") = "BracketSequence.Tests", "BracketSequence.Tests\BracketSequence.Tests.csproj", "{DB7EFCC5-B198-4A1C-A6CE-B31D45FD84F3}"
EndProject
Project("{2150E333-8FDC-42A3-9474-1A3956D46DE8}") = "E-SumOfThree", "E-SumOfThree", "{D609DBEF-6C17-4013-8857-92E4785B6416}"
EndProject
Project("{FAE04EC0-301F-11D3-BF4B-00C04F79EFBC}") = "SumOfThree", "SumOfThree\SumOfThree.csproj", "{2C3BA62B-8EBA-4910-BA06-126D271FB7C3}"
EndProject
Project("{FAE04EC0-301F-11D3-BF4B-00C04F79EFBC}") = "SumOfThree.Tests", "SumOfThree.Tests\SumOfThree.Tests.csproj", "{B5747B56-DF71-41D4-B306-E8A325784430}"
EndProject
Project("{2150E333-8FDC-42A3-9474-1A3956D46DE8}") = "Homework6", "Homework6", "{AF0778A2-FC64-4190-96CE-210C9BAD7911}"
EndProject
Project("{2150E333-8FDC-42A3-9474-1A3956D46DE8}") = "A-QuickSearchInArray", "A-QuickSearchInArray", "{49F1D254-D1AC-4250-BDE9-37A0D17CB5CF}"
EndProject
Project("{FAE04EC0-301F-11D3-BF4B-00C04F79EFBC}") = "QuickSearchInArray", "QuickSearchInArray\QuickSearchInArray.csproj", "{C990C4F5-03EA-4225-88C9-A28CCF2D6F9A}"
EndProject
Project("{FAE04EC0-301F-11D3-BF4B-00C04F79EFBC}") = "QuickSearchInArray.Tests", "QuickSearchInArray.Tests\QuickSearchInArray.Tests.csproj", "{197B46F2-38A2-41B9-B9BF-B2616E413EC7}"
EndProject
Project("{2150E333-8FDC-42A3-9474-1A3956D46DE8}") = "B-LeftAndRightIndexes", "B-LeftAndRightIndexes", "{A7C4ABF2-EB7C-4096-952A-3FF98331D2EA}"
EndProject
Project("{FAE04EC0-301F-11D3-BF4B-00C04F79EFBC}") = "LeftAndRightIndexes", "LeftAndRightIndexes\LeftAndRightIndexes.csproj", "{E6E6BBCF-694F-4F3D-845D-99F4D4AF2B5D}"
EndProject
Project("{FAE04EC0-301F-11D3-BF4B-00C04F79EFBC}") = "LeftAndRightIndexes.Tests", "LeftAndRightIndexes.Tests\LeftAndRightIndexes.Tests.csproj", "{3A923112-58A7-4D50-9F28-7B325BCBB64A}"
EndProject
Project("{2150E333-8FDC-42A3-9474-1A3956D46DE8}") = "C-CubicEquation", "C-CubicEquation", "{D1B69E2E-7A00-429B-B2E9-457D94B32B5A}"
EndProject
Project("{FAE04EC0-301F-11D3-BF4B-00C04F79EFBC}") = "CubicEquation", "CubicEquation\CubicEquation.csproj", "{D89202DC-1DE3-43C3-ABA3-BFDF8D28E38D}"
EndProject
Project("{FAE04EC0-301F-11D3-BF4B-00C04F79EFBC}") = "CubicEquation.Tests", "CubicEquation.Tests\CubicEquation.Tests.csproj", "{BB13E85F-26BF-4ABA-94B4-4B6966A43402}"
EndProject
Project("{2150E333-8FDC-42A3-9474-1A3956D46DE8}") = "D-Deforestation", "D-Deforestation", "{C06A6CDD-E1E9-422F-98AB-76416BB34041}"
EndProject
Project("{FAE04EC0-301F-11D3-BF4B-00C04F79EFBC}") = "Deforestation", "Deforestation\Deforestation.csproj", "{486B5088-46D1-4C66-9129-0A5754B39373}"
EndProject
Project("{FAE04EC0-301F-11D3-BF4B-00C04F79EFBC}") = "Deforestation.Tests", "Deforestation.Tests\Deforestation.Tests.csproj", "{87E91DA5-908A-41A8-80D1-1FD61D3E468F}"
EndProject
Project("{2150E333-8FDC-42A3-9474-1A3956D46DE8}") = "E-Covering", "E-Covering", "{4265A878-57DE-4B05-8EBD-5CC6832F54B5}"
EndProject
Project("{FAE04EC0-301F-11D3-BF4B-00C04F79EFBC}") = "Covering", "Covering\Covering.csproj", "{FFA651D6-62B2-4243-96E0-03C19B8190AF}"
EndProject
Project("{FAE04EC0-301F-11D3-BF4B-00C04F79EFBC}") = "Covering.Tests", "Covering.Tests\Covering.Tests.csproj", "{C6CD90C1-03E1-485C-A621-FEB8AB362CE2}"
EndProject
Global
	GlobalSection(SolutionConfigurationPlatforms) = preSolution
		Debug|Any CPU = Debug|Any CPU
		Release|Any CPU = Release|Any CPU
	EndGlobalSection
	GlobalSection(NestedProjects) = preSolution
		{7F9DBD5E-DF84-4AC3-88B4-25647692B3E5} = {80284958-3004-44A4-BDD4-8329EADA22AC}
		{40AC540F-B5C2-43CD-B59E-9332CEC63627} = {80284958-3004-44A4-BDD4-8329EADA22AC}
		{1A638CEB-B863-4D50-86AF-9D053860DF7F} = {0809A18A-6269-4627-A5A9-7769D3C54EF6}
		{E0928FE7-7B94-4FA7-86B3-F1D490A12701} = {0809A18A-6269-4627-A5A9-7769D3C54EF6}
		{7691A450-6A3E-49FF-80B9-6FACFE8958DE} = {7F5B35FC-9421-4D23-BD97-6B7157BC7F6E}
		{AD13C001-FDC4-44CC-93F0-EC152C802144} = {7F5B35FC-9421-4D23-BD97-6B7157BC7F6E}
		{832A11C4-4292-4F0F-97E0-6EFF957D0EF1} = {32B5D841-6B50-43FB-9900-95CE75EA5C2A}
		{13A107ED-4E04-4724-9FF6-2D4ACC96095F} = {32B5D841-6B50-43FB-9900-95CE75EA5C2A}
		{AD490101-214A-4A1D-A687-FB8BC8B96C5C} = {7C31F9BB-C693-4ED3-9056-B34A83472A6C}
		{9B202A26-B84B-41D7-87D7-572EB6A6C3AF} = {7C31F9BB-C693-4ED3-9056-B34A83472A6C}
		{80284958-3004-44A4-BDD4-8329EADA22AC} = {7CEAF0F5-8454-48B7-B02A-E54B782F4E90}
		{0809A18A-6269-4627-A5A9-7769D3C54EF6} = {7CEAF0F5-8454-48B7-B02A-E54B782F4E90}
		{7F5B35FC-9421-4D23-BD97-6B7157BC7F6E} = {7CEAF0F5-8454-48B7-B02A-E54B782F4E90}
		{32B5D841-6B50-43FB-9900-95CE75EA5C2A} = {7CEAF0F5-8454-48B7-B02A-E54B782F4E90}
		{7C31F9BB-C693-4ED3-9056-B34A83472A6C} = {7CEAF0F5-8454-48B7-B02A-E54B782F4E90}
		{D30EFD3C-63BB-489F-93A8-20EEA820B4FF} = {7E90B727-188B-43F5-BFB6-C39B9C27D5A7}
		{46056E40-8E48-43B7-90AE-39BEC940E940} = {D30EFD3C-63BB-489F-93A8-20EEA820B4FF}
		{6F2DAEBE-B4AF-4153-B02D-618860490DCA} = {D30EFD3C-63BB-489F-93A8-20EEA820B4FF}
		{3B8389CE-F0B5-4A94-881A-4014487415D6} = {7E90B727-188B-43F5-BFB6-C39B9C27D5A7}
		{86F93A2E-5A72-41E7-A8DB-6F8D8C645521} = {3B8389CE-F0B5-4A94-881A-4014487415D6}
		{0A412E0D-FB29-4C7B-B623-46547126AFCE} = {3B8389CE-F0B5-4A94-881A-4014487415D6}
		{74414AED-E6B9-4A21-89A1-B3DF9D99C7A2} = {7E90B727-188B-43F5-BFB6-C39B9C27D5A7}
		{A3FCD0D0-BB1A-4562-97C1-B304D0914F71} = {74414AED-E6B9-4A21-89A1-B3DF9D99C7A2}
		{A2B2B30C-9B81-4CA3-BCAA-B33BF0E98BF2} = {74414AED-E6B9-4A21-89A1-B3DF9D99C7A2}
		{DF522D08-DC37-45FC-A15F-1A10098854E9} = {7E90B727-188B-43F5-BFB6-C39B9C27D5A7}
		{A973C405-08AC-4E39-8C6D-FD7D04175006} = {DF522D08-DC37-45FC-A15F-1A10098854E9}
		{E332874F-2F00-407C-BECF-198EE769FD5A} = {DF522D08-DC37-45FC-A15F-1A10098854E9}
		{C5B39218-F647-4465-9330-1B4A1E0FF6C3} = {7E90B727-188B-43F5-BFB6-C39B9C27D5A7}
		{5C78FF78-C813-4259-AD98-317521626DF1} = {C5B39218-F647-4465-9330-1B4A1E0FF6C3}
		{82A1C8AB-972D-4CDD-BAAB-87B74862E065} = {C5B39218-F647-4465-9330-1B4A1E0FF6C3}
		{9BEA27F5-3186-4AAB-A3E9-A309D2FFC15C} = {36AF27C6-F52B-4107-80F0-C8556720F311}
		{54331045-3F59-4148-BEC0-0D3C9D596AD4} = {9BEA27F5-3186-4AAB-A3E9-A309D2FFC15C}
		{6EE107B3-C738-4F45-B317-B27DE3C3D2B8} = {9BEA27F5-3186-4AAB-A3E9-A309D2FFC15C}
		{D64A618F-6E0E-45E7-8345-F9D8EE9014D1} = {36AF27C6-F52B-4107-80F0-C8556720F311}
		{DDF2A2BE-97C1-4F27-9CDA-0C667A282742} = {D64A618F-6E0E-45E7-8345-F9D8EE9014D1}
		{46FB6D59-00EF-47F0-AA15-DA45ADD15578} = {D64A618F-6E0E-45E7-8345-F9D8EE9014D1}
		{A5FD9DA0-E4A7-463C-8C7F-7C62972640BE} = {36AF27C6-F52B-4107-80F0-C8556720F311}
		{6AA8197B-DF26-4804-84F9-DE0A7ACEF2F0} = {A5FD9DA0-E4A7-463C-8C7F-7C62972640BE}
		{8CB1B403-456B-4809-834C-B8CC905282D4} = {A5FD9DA0-E4A7-463C-8C7F-7C62972640BE}
		{0E8ED1EC-7F49-4A9B-A560-CD495636968C} = {36AF27C6-F52B-4107-80F0-C8556720F311}
		{9CEB45E4-4F64-49DD-9F5C-085F04655AE4} = {0E8ED1EC-7F49-4A9B-A560-CD495636968C}
		{874DE7DD-8504-4566-A34A-A69A6762638A} = {36AF27C6-F52B-4107-80F0-C8556720F311}
		{56603F79-3120-4B9E-BDD2-259ECA46F408} = {874DE7DD-8504-4566-A34A-A69A6762638A}
		{2694059D-61D6-4AD8-9BAF-08BADC09D95C} = {621D8841-D423-4537-93B0-1B594A6F7512}
		{DD1EC6B6-2624-43C7-85CA-3E66A4FF7CD4} = {2694059D-61D6-4AD8-9BAF-08BADC09D95C}
		{6634F521-8CCB-4734-82C4-DCC39535F5C5} = {621D8841-D423-4537-93B0-1B594A6F7512}
		{B43499A6-92EC-4F42-984A-E639B4BCCDF0} = {6634F521-8CCB-4734-82C4-DCC39535F5C5}
		{F09D87FD-B81F-4F9E-BDE9-E8977D8B1DB3} = {621D8841-D423-4537-93B0-1B594A6F7512}
		{9E44A5C6-C0DB-4D0E-8279-3A8FDBEC9D51} = {F09D87FD-B81F-4F9E-BDE9-E8977D8B1DB3}
		{96BEC30A-0F99-4489-9C9F-5201D1D3D369} = {621D8841-D423-4537-93B0-1B594A6F7512}
		{EFFA3DC3-573F-4F8B-AA7F-F9C6A55E623B} = {96BEC30A-0F99-4489-9C9F-5201D1D3D369}
		{224F4BBA-EFAB-4B79-B33A-3327EC428996} = {621D8841-D423-4537-93B0-1B594A6F7512}
		{D2AD56D4-9BB8-43DA-8889-94B3C07AC3B1} = {224F4BBA-EFAB-4B79-B33A-3327EC428996}
		{F7818B1E-3B98-4DE8-886C-313AD962B75C} = {8E91D501-0D93-4516-9DAE-AC6E21C9F5E9}
		{A9A328A2-2474-4B5A-8F1C-85C533ECC77F} = {F7818B1E-3B98-4DE8-886C-313AD962B75C}
		{B3C801A4-5222-474D-998F-7FBD0CBB0B12} = {8E91D501-0D93-4516-9DAE-AC6E21C9F5E9}
		{D8A05576-C74C-4098-A8BB-5D9C7AADE973} = {B3C801A4-5222-474D-998F-7FBD0CBB0B12}
		{69A7E8EF-A3C6-492F-8B82-4175D32B93B7} = {8E91D501-0D93-4516-9DAE-AC6E21C9F5E9}
		{D69A342C-FE0C-4ADE-AD9C-A5596EAB0F1D} = {69A7E8EF-A3C6-492F-8B82-4175D32B93B7}
		{AAFC09AF-4743-433C-A4EC-1A8DADFE6D03} = {69A7E8EF-A3C6-492F-8B82-4175D32B93B7}
		{F654271B-9710-4791-8347-8F9CF5E4BD42} = {8E91D501-0D93-4516-9DAE-AC6E21C9F5E9}
		{211CA7F3-9122-4FE7-A149-2FC7581F0DDE} = {F654271B-9710-4791-8347-8F9CF5E4BD42}
		{DB7EFCC5-B198-4A1C-A6CE-B31D45FD84F3} = {F654271B-9710-4791-8347-8F9CF5E4BD42}
		{D609DBEF-6C17-4013-8857-92E4785B6416} = {8E91D501-0D93-4516-9DAE-AC6E21C9F5E9}
		{2C3BA62B-8EBA-4910-BA06-126D271FB7C3} = {D609DBEF-6C17-4013-8857-92E4785B6416}
		{B5747B56-DF71-41D4-B306-E8A325784430} = {D609DBEF-6C17-4013-8857-92E4785B6416}
		{49F1D254-D1AC-4250-BDE9-37A0D17CB5CF} = {AF0778A2-FC64-4190-96CE-210C9BAD7911}
		{C990C4F5-03EA-4225-88C9-A28CCF2D6F9A} = {49F1D254-D1AC-4250-BDE9-37A0D17CB5CF}
		{197B46F2-38A2-41B9-B9BF-B2616E413EC7} = {49F1D254-D1AC-4250-BDE9-37A0D17CB5CF}
		{A7C4ABF2-EB7C-4096-952A-3FF98331D2EA} = {AF0778A2-FC64-4190-96CE-210C9BAD7911}
		{E6E6BBCF-694F-4F3D-845D-99F4D4AF2B5D} = {A7C4ABF2-EB7C-4096-952A-3FF98331D2EA}
		{3A923112-58A7-4D50-9F28-7B325BCBB64A} = {A7C4ABF2-EB7C-4096-952A-3FF98331D2EA}
		{D1B69E2E-7A00-429B-B2E9-457D94B32B5A} = {AF0778A2-FC64-4190-96CE-210C9BAD7911}
		{D89202DC-1DE3-43C3-ABA3-BFDF8D28E38D} = {D1B69E2E-7A00-429B-B2E9-457D94B32B5A}
		{BB13E85F-26BF-4ABA-94B4-4B6966A43402} = {D1B69E2E-7A00-429B-B2E9-457D94B32B5A}
		{C06A6CDD-E1E9-422F-98AB-76416BB34041} = {AF0778A2-FC64-4190-96CE-210C9BAD7911}
		{486B5088-46D1-4C66-9129-0A5754B39373} = {C06A6CDD-E1E9-422F-98AB-76416BB34041}
		{87E91DA5-908A-41A8-80D1-1FD61D3E468F} = {C06A6CDD-E1E9-422F-98AB-76416BB34041}
		{4265A878-57DE-4B05-8EBD-5CC6832F54B5} = {AF0778A2-FC64-4190-96CE-210C9BAD7911}
		{FFA651D6-62B2-4243-96E0-03C19B8190AF} = {4265A878-57DE-4B05-8EBD-5CC6832F54B5}
		{C6CD90C1-03E1-485C-A621-FEB8AB362CE2} = {4265A878-57DE-4B05-8EBD-5CC6832F54B5}
	EndGlobalSection
	GlobalSection(ProjectConfigurationPlatforms) = postSolution
		{7F9DBD5E-DF84-4AC3-88B4-25647692B3E5}.Debug|Any CPU.ActiveCfg = Debug|Any CPU
		{7F9DBD5E-DF84-4AC3-88B4-25647692B3E5}.Debug|Any CPU.Build.0 = Debug|Any CPU
		{7F9DBD5E-DF84-4AC3-88B4-25647692B3E5}.Release|Any CPU.ActiveCfg = Release|Any CPU
		{7F9DBD5E-DF84-4AC3-88B4-25647692B3E5}.Release|Any CPU.Build.0 = Release|Any CPU
		{40AC540F-B5C2-43CD-B59E-9332CEC63627}.Debug|Any CPU.ActiveCfg = Debug|Any CPU
		{40AC540F-B5C2-43CD-B59E-9332CEC63627}.Debug|Any CPU.Build.0 = Debug|Any CPU
		{40AC540F-B5C2-43CD-B59E-9332CEC63627}.Release|Any CPU.ActiveCfg = Release|Any CPU
		{40AC540F-B5C2-43CD-B59E-9332CEC63627}.Release|Any CPU.Build.0 = Release|Any CPU
		{1A638CEB-B863-4D50-86AF-9D053860DF7F}.Debug|Any CPU.ActiveCfg = Debug|Any CPU
		{1A638CEB-B863-4D50-86AF-9D053860DF7F}.Debug|Any CPU.Build.0 = Debug|Any CPU
		{1A638CEB-B863-4D50-86AF-9D053860DF7F}.Release|Any CPU.ActiveCfg = Release|Any CPU
		{1A638CEB-B863-4D50-86AF-9D053860DF7F}.Release|Any CPU.Build.0 = Release|Any CPU
		{E0928FE7-7B94-4FA7-86B3-F1D490A12701}.Debug|Any CPU.ActiveCfg = Debug|Any CPU
		{E0928FE7-7B94-4FA7-86B3-F1D490A12701}.Debug|Any CPU.Build.0 = Debug|Any CPU
		{E0928FE7-7B94-4FA7-86B3-F1D490A12701}.Release|Any CPU.ActiveCfg = Release|Any CPU
		{E0928FE7-7B94-4FA7-86B3-F1D490A12701}.Release|Any CPU.Build.0 = Release|Any CPU
		{7691A450-6A3E-49FF-80B9-6FACFE8958DE}.Debug|Any CPU.ActiveCfg = Debug|Any CPU
		{7691A450-6A3E-49FF-80B9-6FACFE8958DE}.Debug|Any CPU.Build.0 = Debug|Any CPU
		{7691A450-6A3E-49FF-80B9-6FACFE8958DE}.Release|Any CPU.ActiveCfg = Release|Any CPU
		{7691A450-6A3E-49FF-80B9-6FACFE8958DE}.Release|Any CPU.Build.0 = Release|Any CPU
		{AD13C001-FDC4-44CC-93F0-EC152C802144}.Debug|Any CPU.ActiveCfg = Debug|Any CPU
		{AD13C001-FDC4-44CC-93F0-EC152C802144}.Debug|Any CPU.Build.0 = Debug|Any CPU
		{AD13C001-FDC4-44CC-93F0-EC152C802144}.Release|Any CPU.ActiveCfg = Release|Any CPU
		{AD13C001-FDC4-44CC-93F0-EC152C802144}.Release|Any CPU.Build.0 = Release|Any CPU
		{832A11C4-4292-4F0F-97E0-6EFF957D0EF1}.Debug|Any CPU.ActiveCfg = Debug|Any CPU
		{832A11C4-4292-4F0F-97E0-6EFF957D0EF1}.Debug|Any CPU.Build.0 = Debug|Any CPU
		{832A11C4-4292-4F0F-97E0-6EFF957D0EF1}.Release|Any CPU.ActiveCfg = Release|Any CPU
		{832A11C4-4292-4F0F-97E0-6EFF957D0EF1}.Release|Any CPU.Build.0 = Release|Any CPU
		{13A107ED-4E04-4724-9FF6-2D4ACC96095F}.Debug|Any CPU.ActiveCfg = Debug|Any CPU
		{13A107ED-4E04-4724-9FF6-2D4ACC96095F}.Debug|Any CPU.Build.0 = Debug|Any CPU
		{13A107ED-4E04-4724-9FF6-2D4ACC96095F}.Release|Any CPU.ActiveCfg = Release|Any CPU
		{13A107ED-4E04-4724-9FF6-2D4ACC96095F}.Release|Any CPU.Build.0 = Release|Any CPU
		{AD490101-214A-4A1D-A687-FB8BC8B96C5C}.Debug|Any CPU.ActiveCfg = Debug|Any CPU
		{AD490101-214A-4A1D-A687-FB8BC8B96C5C}.Debug|Any CPU.Build.0 = Debug|Any CPU
		{AD490101-214A-4A1D-A687-FB8BC8B96C5C}.Release|Any CPU.ActiveCfg = Release|Any CPU
		{AD490101-214A-4A1D-A687-FB8BC8B96C5C}.Release|Any CPU.Build.0 = Release|Any CPU
		{9B202A26-B84B-41D7-87D7-572EB6A6C3AF}.Debug|Any CPU.ActiveCfg = Debug|Any CPU
		{9B202A26-B84B-41D7-87D7-572EB6A6C3AF}.Debug|Any CPU.Build.0 = Debug|Any CPU
		{9B202A26-B84B-41D7-87D7-572EB6A6C3AF}.Release|Any CPU.ActiveCfg = Release|Any CPU
		{9B202A26-B84B-41D7-87D7-572EB6A6C3AF}.Release|Any CPU.Build.0 = Release|Any CPU
		{46056E40-8E48-43B7-90AE-39BEC940E940}.Debug|Any CPU.ActiveCfg = Debug|Any CPU
		{46056E40-8E48-43B7-90AE-39BEC940E940}.Debug|Any CPU.Build.0 = Debug|Any CPU
		{46056E40-8E48-43B7-90AE-39BEC940E940}.Release|Any CPU.ActiveCfg = Release|Any CPU
		{46056E40-8E48-43B7-90AE-39BEC940E940}.Release|Any CPU.Build.0 = Release|Any CPU
		{6F2DAEBE-B4AF-4153-B02D-618860490DCA}.Debug|Any CPU.ActiveCfg = Debug|Any CPU
		{6F2DAEBE-B4AF-4153-B02D-618860490DCA}.Debug|Any CPU.Build.0 = Debug|Any CPU
		{6F2DAEBE-B4AF-4153-B02D-618860490DCA}.Release|Any CPU.ActiveCfg = Release|Any CPU
		{6F2DAEBE-B4AF-4153-B02D-618860490DCA}.Release|Any CPU.Build.0 = Release|Any CPU
		{86F93A2E-5A72-41E7-A8DB-6F8D8C645521}.Debug|Any CPU.ActiveCfg = Debug|Any CPU
		{86F93A2E-5A72-41E7-A8DB-6F8D8C645521}.Debug|Any CPU.Build.0 = Debug|Any CPU
		{86F93A2E-5A72-41E7-A8DB-6F8D8C645521}.Release|Any CPU.ActiveCfg = Release|Any CPU
		{86F93A2E-5A72-41E7-A8DB-6F8D8C645521}.Release|Any CPU.Build.0 = Release|Any CPU
		{0A412E0D-FB29-4C7B-B623-46547126AFCE}.Debug|Any CPU.ActiveCfg = Debug|Any CPU
		{0A412E0D-FB29-4C7B-B623-46547126AFCE}.Debug|Any CPU.Build.0 = Debug|Any CPU
		{0A412E0D-FB29-4C7B-B623-46547126AFCE}.Release|Any CPU.ActiveCfg = Release|Any CPU
		{0A412E0D-FB29-4C7B-B623-46547126AFCE}.Release|Any CPU.Build.0 = Release|Any CPU
		{A3FCD0D0-BB1A-4562-97C1-B304D0914F71}.Debug|Any CPU.ActiveCfg = Debug|Any CPU
		{A3FCD0D0-BB1A-4562-97C1-B304D0914F71}.Debug|Any CPU.Build.0 = Debug|Any CPU
		{A3FCD0D0-BB1A-4562-97C1-B304D0914F71}.Release|Any CPU.ActiveCfg = Release|Any CPU
		{A3FCD0D0-BB1A-4562-97C1-B304D0914F71}.Release|Any CPU.Build.0 = Release|Any CPU
		{A2B2B30C-9B81-4CA3-BCAA-B33BF0E98BF2}.Debug|Any CPU.ActiveCfg = Debug|Any CPU
		{A2B2B30C-9B81-4CA3-BCAA-B33BF0E98BF2}.Debug|Any CPU.Build.0 = Debug|Any CPU
		{A2B2B30C-9B81-4CA3-BCAA-B33BF0E98BF2}.Release|Any CPU.ActiveCfg = Release|Any CPU
		{A2B2B30C-9B81-4CA3-BCAA-B33BF0E98BF2}.Release|Any CPU.Build.0 = Release|Any CPU
		{A973C405-08AC-4E39-8C6D-FD7D04175006}.Debug|Any CPU.ActiveCfg = Debug|Any CPU
		{A973C405-08AC-4E39-8C6D-FD7D04175006}.Debug|Any CPU.Build.0 = Debug|Any CPU
		{A973C405-08AC-4E39-8C6D-FD7D04175006}.Release|Any CPU.ActiveCfg = Release|Any CPU
		{A973C405-08AC-4E39-8C6D-FD7D04175006}.Release|Any CPU.Build.0 = Release|Any CPU
		{E332874F-2F00-407C-BECF-198EE769FD5A}.Debug|Any CPU.ActiveCfg = Debug|Any CPU
		{E332874F-2F00-407C-BECF-198EE769FD5A}.Debug|Any CPU.Build.0 = Debug|Any CPU
		{E332874F-2F00-407C-BECF-198EE769FD5A}.Release|Any CPU.ActiveCfg = Release|Any CPU
		{E332874F-2F00-407C-BECF-198EE769FD5A}.Release|Any CPU.Build.0 = Release|Any CPU
		{5C78FF78-C813-4259-AD98-317521626DF1}.Debug|Any CPU.ActiveCfg = Debug|Any CPU
		{5C78FF78-C813-4259-AD98-317521626DF1}.Debug|Any CPU.Build.0 = Debug|Any CPU
		{5C78FF78-C813-4259-AD98-317521626DF1}.Release|Any CPU.ActiveCfg = Release|Any CPU
		{5C78FF78-C813-4259-AD98-317521626DF1}.Release|Any CPU.Build.0 = Release|Any CPU
		{82A1C8AB-972D-4CDD-BAAB-87B74862E065}.Debug|Any CPU.ActiveCfg = Debug|Any CPU
		{82A1C8AB-972D-4CDD-BAAB-87B74862E065}.Debug|Any CPU.Build.0 = Debug|Any CPU
		{82A1C8AB-972D-4CDD-BAAB-87B74862E065}.Release|Any CPU.ActiveCfg = Release|Any CPU
		{82A1C8AB-972D-4CDD-BAAB-87B74862E065}.Release|Any CPU.Build.0 = Release|Any CPU
		{54331045-3F59-4148-BEC0-0D3C9D596AD4}.Debug|Any CPU.ActiveCfg = Debug|Any CPU
		{54331045-3F59-4148-BEC0-0D3C9D596AD4}.Debug|Any CPU.Build.0 = Debug|Any CPU
		{54331045-3F59-4148-BEC0-0D3C9D596AD4}.Release|Any CPU.ActiveCfg = Release|Any CPU
		{54331045-3F59-4148-BEC0-0D3C9D596AD4}.Release|Any CPU.Build.0 = Release|Any CPU
		{6EE107B3-C738-4F45-B317-B27DE3C3D2B8}.Debug|Any CPU.ActiveCfg = Debug|Any CPU
		{6EE107B3-C738-4F45-B317-B27DE3C3D2B8}.Debug|Any CPU.Build.0 = Debug|Any CPU
		{6EE107B3-C738-4F45-B317-B27DE3C3D2B8}.Release|Any CPU.ActiveCfg = Release|Any CPU
		{6EE107B3-C738-4F45-B317-B27DE3C3D2B8}.Release|Any CPU.Build.0 = Release|Any CPU
		{DDF2A2BE-97C1-4F27-9CDA-0C667A282742}.Debug|Any CPU.ActiveCfg = Debug|Any CPU
		{DDF2A2BE-97C1-4F27-9CDA-0C667A282742}.Debug|Any CPU.Build.0 = Debug|Any CPU
		{DDF2A2BE-97C1-4F27-9CDA-0C667A282742}.Release|Any CPU.ActiveCfg = Release|Any CPU
		{DDF2A2BE-97C1-4F27-9CDA-0C667A282742}.Release|Any CPU.Build.0 = Release|Any CPU
		{46FB6D59-00EF-47F0-AA15-DA45ADD15578}.Debug|Any CPU.ActiveCfg = Debug|Any CPU
		{46FB6D59-00EF-47F0-AA15-DA45ADD15578}.Debug|Any CPU.Build.0 = Debug|Any CPU
		{46FB6D59-00EF-47F0-AA15-DA45ADD15578}.Release|Any CPU.ActiveCfg = Release|Any CPU
		{46FB6D59-00EF-47F0-AA15-DA45ADD15578}.Release|Any CPU.Build.0 = Release|Any CPU
		{6AA8197B-DF26-4804-84F9-DE0A7ACEF2F0}.Debug|Any CPU.ActiveCfg = Debug|Any CPU
		{6AA8197B-DF26-4804-84F9-DE0A7ACEF2F0}.Debug|Any CPU.Build.0 = Debug|Any CPU
		{6AA8197B-DF26-4804-84F9-DE0A7ACEF2F0}.Release|Any CPU.ActiveCfg = Release|Any CPU
		{6AA8197B-DF26-4804-84F9-DE0A7ACEF2F0}.Release|Any CPU.Build.0 = Release|Any CPU
		{8CB1B403-456B-4809-834C-B8CC905282D4}.Debug|Any CPU.ActiveCfg = Debug|Any CPU
		{8CB1B403-456B-4809-834C-B8CC905282D4}.Debug|Any CPU.Build.0 = Debug|Any CPU
		{8CB1B403-456B-4809-834C-B8CC905282D4}.Release|Any CPU.ActiveCfg = Release|Any CPU
		{8CB1B403-456B-4809-834C-B8CC905282D4}.Release|Any CPU.Build.0 = Release|Any CPU
		{9CEB45E4-4F64-49DD-9F5C-085F04655AE4}.Debug|Any CPU.ActiveCfg = Debug|Any CPU
		{9CEB45E4-4F64-49DD-9F5C-085F04655AE4}.Debug|Any CPU.Build.0 = Debug|Any CPU
		{9CEB45E4-4F64-49DD-9F5C-085F04655AE4}.Release|Any CPU.ActiveCfg = Release|Any CPU
		{9CEB45E4-4F64-49DD-9F5C-085F04655AE4}.Release|Any CPU.Build.0 = Release|Any CPU
		{56603F79-3120-4B9E-BDD2-259ECA46F408}.Debug|Any CPU.ActiveCfg = Debug|Any CPU
		{56603F79-3120-4B9E-BDD2-259ECA46F408}.Debug|Any CPU.Build.0 = Debug|Any CPU
		{56603F79-3120-4B9E-BDD2-259ECA46F408}.Release|Any CPU.ActiveCfg = Release|Any CPU
		{56603F79-3120-4B9E-BDD2-259ECA46F408}.Release|Any CPU.Build.0 = Release|Any CPU
		{DD1EC6B6-2624-43C7-85CA-3E66A4FF7CD4}.Debug|Any CPU.ActiveCfg = Debug|Any CPU
		{DD1EC6B6-2624-43C7-85CA-3E66A4FF7CD4}.Debug|Any CPU.Build.0 = Debug|Any CPU
		{DD1EC6B6-2624-43C7-85CA-3E66A4FF7CD4}.Release|Any CPU.ActiveCfg = Release|Any CPU
		{DD1EC6B6-2624-43C7-85CA-3E66A4FF7CD4}.Release|Any CPU.Build.0 = Release|Any CPU
		{B43499A6-92EC-4F42-984A-E639B4BCCDF0}.Debug|Any CPU.ActiveCfg = Debug|Any CPU
		{B43499A6-92EC-4F42-984A-E639B4BCCDF0}.Debug|Any CPU.Build.0 = Debug|Any CPU
		{B43499A6-92EC-4F42-984A-E639B4BCCDF0}.Release|Any CPU.ActiveCfg = Release|Any CPU
		{B43499A6-92EC-4F42-984A-E639B4BCCDF0}.Release|Any CPU.Build.0 = Release|Any CPU
		{9E44A5C6-C0DB-4D0E-8279-3A8FDBEC9D51}.Debug|Any CPU.ActiveCfg = Debug|Any CPU
		{9E44A5C6-C0DB-4D0E-8279-3A8FDBEC9D51}.Debug|Any CPU.Build.0 = Debug|Any CPU
		{9E44A5C6-C0DB-4D0E-8279-3A8FDBEC9D51}.Release|Any CPU.ActiveCfg = Release|Any CPU
		{9E44A5C6-C0DB-4D0E-8279-3A8FDBEC9D51}.Release|Any CPU.Build.0 = Release|Any CPU
		{EFFA3DC3-573F-4F8B-AA7F-F9C6A55E623B}.Debug|Any CPU.ActiveCfg = Debug|Any CPU
		{EFFA3DC3-573F-4F8B-AA7F-F9C6A55E623B}.Debug|Any CPU.Build.0 = Debug|Any CPU
		{EFFA3DC3-573F-4F8B-AA7F-F9C6A55E623B}.Release|Any CPU.ActiveCfg = Release|Any CPU
		{EFFA3DC3-573F-4F8B-AA7F-F9C6A55E623B}.Release|Any CPU.Build.0 = Release|Any CPU
		{D2AD56D4-9BB8-43DA-8889-94B3C07AC3B1}.Debug|Any CPU.ActiveCfg = Debug|Any CPU
		{D2AD56D4-9BB8-43DA-8889-94B3C07AC3B1}.Debug|Any CPU.Build.0 = Debug|Any CPU
		{D2AD56D4-9BB8-43DA-8889-94B3C07AC3B1}.Release|Any CPU.ActiveCfg = Release|Any CPU
		{D2AD56D4-9BB8-43DA-8889-94B3C07AC3B1}.Release|Any CPU.Build.0 = Release|Any CPU
		{A9A328A2-2474-4B5A-8F1C-85C533ECC77F}.Debug|Any CPU.ActiveCfg = Debug|Any CPU
		{A9A328A2-2474-4B5A-8F1C-85C533ECC77F}.Debug|Any CPU.Build.0 = Debug|Any CPU
		{A9A328A2-2474-4B5A-8F1C-85C533ECC77F}.Release|Any CPU.ActiveCfg = Release|Any CPU
		{A9A328A2-2474-4B5A-8F1C-85C533ECC77F}.Release|Any CPU.Build.0 = Release|Any CPU
		{D8A05576-C74C-4098-A8BB-5D9C7AADE973}.Debug|Any CPU.ActiveCfg = Debug|Any CPU
		{D8A05576-C74C-4098-A8BB-5D9C7AADE973}.Debug|Any CPU.Build.0 = Debug|Any CPU
		{D8A05576-C74C-4098-A8BB-5D9C7AADE973}.Release|Any CPU.ActiveCfg = Release|Any CPU
		{D8A05576-C74C-4098-A8BB-5D9C7AADE973}.Release|Any CPU.Build.0 = Release|Any CPU
		{D69A342C-FE0C-4ADE-AD9C-A5596EAB0F1D}.Debug|Any CPU.ActiveCfg = Debug|Any CPU
		{D69A342C-FE0C-4ADE-AD9C-A5596EAB0F1D}.Debug|Any CPU.Build.0 = Debug|Any CPU
		{D69A342C-FE0C-4ADE-AD9C-A5596EAB0F1D}.Release|Any CPU.ActiveCfg = Release|Any CPU
		{D69A342C-FE0C-4ADE-AD9C-A5596EAB0F1D}.Release|Any CPU.Build.0 = Release|Any CPU
		{AAFC09AF-4743-433C-A4EC-1A8DADFE6D03}.Debug|Any CPU.ActiveCfg = Debug|Any CPU
		{AAFC09AF-4743-433C-A4EC-1A8DADFE6D03}.Debug|Any CPU.Build.0 = Debug|Any CPU
		{AAFC09AF-4743-433C-A4EC-1A8DADFE6D03}.Release|Any CPU.ActiveCfg = Release|Any CPU
		{AAFC09AF-4743-433C-A4EC-1A8DADFE6D03}.Release|Any CPU.Build.0 = Release|Any CPU
		{211CA7F3-9122-4FE7-A149-2FC7581F0DDE}.Debug|Any CPU.ActiveCfg = Debug|Any CPU
		{211CA7F3-9122-4FE7-A149-2FC7581F0DDE}.Debug|Any CPU.Build.0 = Debug|Any CPU
		{211CA7F3-9122-4FE7-A149-2FC7581F0DDE}.Release|Any CPU.ActiveCfg = Release|Any CPU
		{211CA7F3-9122-4FE7-A149-2FC7581F0DDE}.Release|Any CPU.Build.0 = Release|Any CPU
		{DB7EFCC5-B198-4A1C-A6CE-B31D45FD84F3}.Debug|Any CPU.ActiveCfg = Debug|Any CPU
		{DB7EFCC5-B198-4A1C-A6CE-B31D45FD84F3}.Debug|Any CPU.Build.0 = Debug|Any CPU
		{DB7EFCC5-B198-4A1C-A6CE-B31D45FD84F3}.Release|Any CPU.ActiveCfg = Release|Any CPU
		{DB7EFCC5-B198-4A1C-A6CE-B31D45FD84F3}.Release|Any CPU.Build.0 = Release|Any CPU
		{2C3BA62B-8EBA-4910-BA06-126D271FB7C3}.Debug|Any CPU.ActiveCfg = Debug|Any CPU
		{2C3BA62B-8EBA-4910-BA06-126D271FB7C3}.Debug|Any CPU.Build.0 = Debug|Any CPU
		{2C3BA62B-8EBA-4910-BA06-126D271FB7C3}.Release|Any CPU.ActiveCfg = Release|Any CPU
		{2C3BA62B-8EBA-4910-BA06-126D271FB7C3}.Release|Any CPU.Build.0 = Release|Any CPU
		{B5747B56-DF71-41D4-B306-E8A325784430}.Debug|Any CPU.ActiveCfg = Debug|Any CPU
		{B5747B56-DF71-41D4-B306-E8A325784430}.Debug|Any CPU.Build.0 = Debug|Any CPU
		{B5747B56-DF71-41D4-B306-E8A325784430}.Release|Any CPU.ActiveCfg = Release|Any CPU
		{B5747B56-DF71-41D4-B306-E8A325784430}.Release|Any CPU.Build.0 = Release|Any CPU
		{C990C4F5-03EA-4225-88C9-A28CCF2D6F9A}.Debug|Any CPU.ActiveCfg = Debug|Any CPU
		{C990C4F5-03EA-4225-88C9-A28CCF2D6F9A}.Debug|Any CPU.Build.0 = Debug|Any CPU
		{C990C4F5-03EA-4225-88C9-A28CCF2D6F9A}.Release|Any CPU.ActiveCfg = Release|Any CPU
		{C990C4F5-03EA-4225-88C9-A28CCF2D6F9A}.Release|Any CPU.Build.0 = Release|Any CPU
		{197B46F2-38A2-41B9-B9BF-B2616E413EC7}.Debug|Any CPU.ActiveCfg = Debug|Any CPU
		{197B46F2-38A2-41B9-B9BF-B2616E413EC7}.Debug|Any CPU.Build.0 = Debug|Any CPU
		{197B46F2-38A2-41B9-B9BF-B2616E413EC7}.Release|Any CPU.ActiveCfg = Release|Any CPU
		{197B46F2-38A2-41B9-B9BF-B2616E413EC7}.Release|Any CPU.Build.0 = Release|Any CPU
		{E6E6BBCF-694F-4F3D-845D-99F4D4AF2B5D}.Debug|Any CPU.ActiveCfg = Debug|Any CPU
		{E6E6BBCF-694F-4F3D-845D-99F4D4AF2B5D}.Debug|Any CPU.Build.0 = Debug|Any CPU
		{E6E6BBCF-694F-4F3D-845D-99F4D4AF2B5D}.Release|Any CPU.ActiveCfg = Release|Any CPU
		{E6E6BBCF-694F-4F3D-845D-99F4D4AF2B5D}.Release|Any CPU.Build.0 = Release|Any CPU
		{3A923112-58A7-4D50-9F28-7B325BCBB64A}.Debug|Any CPU.ActiveCfg = Debug|Any CPU
		{3A923112-58A7-4D50-9F28-7B325BCBB64A}.Debug|Any CPU.Build.0 = Debug|Any CPU
		{3A923112-58A7-4D50-9F28-7B325BCBB64A}.Release|Any CPU.ActiveCfg = Release|Any CPU
		{3A923112-58A7-4D50-9F28-7B325BCBB64A}.Release|Any CPU.Build.0 = Release|Any CPU
		{D89202DC-1DE3-43C3-ABA3-BFDF8D28E38D}.Debug|Any CPU.ActiveCfg = Debug|Any CPU
		{D89202DC-1DE3-43C3-ABA3-BFDF8D28E38D}.Debug|Any CPU.Build.0 = Debug|Any CPU
		{D89202DC-1DE3-43C3-ABA3-BFDF8D28E38D}.Release|Any CPU.ActiveCfg = Release|Any CPU
		{D89202DC-1DE3-43C3-ABA3-BFDF8D28E38D}.Release|Any CPU.Build.0 = Release|Any CPU
		{BB13E85F-26BF-4ABA-94B4-4B6966A43402}.Debug|Any CPU.ActiveCfg = Debug|Any CPU
		{BB13E85F-26BF-4ABA-94B4-4B6966A43402}.Debug|Any CPU.Build.0 = Debug|Any CPU
		{BB13E85F-26BF-4ABA-94B4-4B6966A43402}.Release|Any CPU.ActiveCfg = Release|Any CPU
		{BB13E85F-26BF-4ABA-94B4-4B6966A43402}.Release|Any CPU.Build.0 = Release|Any CPU
		{486B5088-46D1-4C66-9129-0A5754B39373}.Debug|Any CPU.ActiveCfg = Debug|Any CPU
		{486B5088-46D1-4C66-9129-0A5754B39373}.Debug|Any CPU.Build.0 = Debug|Any CPU
		{486B5088-46D1-4C66-9129-0A5754B39373}.Release|Any CPU.ActiveCfg = Release|Any CPU
		{486B5088-46D1-4C66-9129-0A5754B39373}.Release|Any CPU.Build.0 = Release|Any CPU
		{87E91DA5-908A-41A8-80D1-1FD61D3E468F}.Debug|Any CPU.ActiveCfg = Debug|Any CPU
		{87E91DA5-908A-41A8-80D1-1FD61D3E468F}.Debug|Any CPU.Build.0 = Debug|Any CPU
		{87E91DA5-908A-41A8-80D1-1FD61D3E468F}.Release|Any CPU.ActiveCfg = Release|Any CPU
		{87E91DA5-908A-41A8-80D1-1FD61D3E468F}.Release|Any CPU.Build.0 = Release|Any CPU
		{FFA651D6-62B2-4243-96E0-03C19B8190AF}.Debug|Any CPU.ActiveCfg = Debug|Any CPU
		{FFA651D6-62B2-4243-96E0-03C19B8190AF}.Debug|Any CPU.Build.0 = Debug|Any CPU
		{FFA651D6-62B2-4243-96E0-03C19B8190AF}.Release|Any CPU.ActiveCfg = Release|Any CPU
		{FFA651D6-62B2-4243-96E0-03C19B8190AF}.Release|Any CPU.Build.0 = Release|Any CPU
		{C6CD90C1-03E1-485C-A621-FEB8AB362CE2}.Debug|Any CPU.ActiveCfg = Debug|Any CPU
		{C6CD90C1-03E1-485C-A621-FEB8AB362CE2}.Debug|Any CPU.Build.0 = Debug|Any CPU
		{C6CD90C1-03E1-485C-A621-FEB8AB362CE2}.Release|Any CPU.ActiveCfg = Release|Any CPU
		{C6CD90C1-03E1-485C-A621-FEB8AB362CE2}.Release|Any CPU.Build.0 = Release|Any CPU
	EndGlobalSection
EndGlobal
