
Microsoft Visual Studio Solution File, Format Version 12.00
Project("{2150E333-8FDC-42A3-9474-1A3956D46DE8}") = "A-Interactor", "A-Interactor", "{80284958-3004-44A4-BDD4-8329EADA22AC}"
EndProject
Project("{FAE04EC0-301F-11D3-BF4B-00C04F79EFBC}") = "Interactor", "Interactor\Interactor.csproj", "{7F9DBD5E-DF84-4AC3-88B4-25647692B3E5}"
EndProject
Project("{FAE04EC0-301F-11D3-BF4B-00C04F79EFBC}") = "Interactor.Tests", "Interactor.Tests\Interactor.Tests.csproj", "{40AC540F-B5C2-43CD-B59E-9332CEC63627}"
EndProject
Project("{2150E333-8FDC-42A3-9474-1A3956D46DE8}") = "B-Subway", "B-Subway", "{0809A18A-6269-4627-A5A9-7769D3C54EF6}"
EndProject
Project("{FAE04EC0-301F-11D3-BF4B-00C04F79EFBC}") = "Subway", "Subway\Subway.csproj", "{1A638CEB-B863-4D50-86AF-9D053860DF7F}"
EndProject
Project("{FAE04EC0-301F-11D3-BF4B-00C04F79EFBC}") = "Subway.Tests", "Subway.Tests\Subway.Tests.csproj", "{E0928FE7-7B94-4FA7-86B3-F1D490A12701}"
EndProject
Project("{2150E333-8FDC-42A3-9474-1A3956D46DE8}") = "C-Dates", "C-Dates", "{7F5B35FC-9421-4D23-BD97-6B7157BC7F6E}"
EndProject
Project("{FAE04EC0-301F-11D3-BF4B-00C04F79EFBC}") = "Dates", "Dates\Dates.csproj", "{7691A450-6A3E-49FF-80B9-6FACFE8958DE}"
EndProject
Project("{FAE04EC0-301F-11D3-BF4B-00C04F79EFBC}") = "Dates.Tests", "Dates.Tests\Dates.Tests.csproj", "{AD13C001-FDC4-44CC-93F0-EC152C802144}"
EndProject
Project("{2150E333-8FDC-42A3-9474-1A3956D46DE8}") = "D-SchoolBuilding", "D-SchoolBuilding", "{32B5D841-6B50-43FB-9900-95CE75EA5C2A}"
EndProject
Project("{FAE04EC0-301F-11D3-BF4B-00C04F79EFBC}") = "SchoolBuilding.Tests", "SchoolBuilding.Tests\SchoolBuilding.Tests.csproj", "{832A11C4-4292-4F0F-97E0-6EFF957D0EF1}"
EndProject
Project("{FAE04EC0-301F-11D3-BF4B-00C04F79EFBC}") = "SchoolBuilding", "SchoolBuilding\SchoolBuilding.csproj", "{13A107ED-4E04-4724-9FF6-2D4ACC96095F}"
EndProject
Project("{2150E333-8FDC-42A3-9474-1A3956D46DE8}") = "E-TraingleAndPoint", "E-TraingleAndPoint", "{7C31F9BB-C693-4ED3-9056-B34A83472A6C}"
EndProject
Project("{FAE04EC0-301F-11D3-BF4B-00C04F79EFBC}") = "TraingleAndPoint", "TraingleAndPoint\TraingleAndPoint.csproj", "{AD490101-214A-4A1D-A687-FB8BC8B96C5C}"
EndProject
Project("{FAE04EC0-301F-11D3-BF4B-00C04F79EFBC}") = "TraingleAndPoing.Tests", "TraingleAndPoing.Tests\TraingleAndPoing.Tests.csproj", "{9B202A26-B84B-41D7-87D7-572EB6A6C3AF}"
EndProject
Project("{2150E333-8FDC-42A3-9474-1A3956D46DE8}") = "Homework1", "Homework1", "{7CEAF0F5-8454-48B7-B02A-E54B782F4E90}"
EndProject
Project("{2150E333-8FDC-42A3-9474-1A3956D46DE8}") = "Homework2", "Homework2", "{7E90B727-188B-43F5-BFB6-C39B9C27D5A7}"
EndProject
Project("{2150E333-8FDC-42A3-9474-1A3956D46DE8}") = "A-MaxCount", "A-MaxCount", "{D30EFD3C-63BB-489F-93A8-20EEA820B4FF}"
EndProject
Project("{FAE04EC0-301F-11D3-BF4B-00C04F79EFBC}") = "MaxCount", "MaxCount\MaxCount.csproj", "{46056E40-8E48-43B7-90AE-39BEC940E940}"
EndProject
Project("{FAE04EC0-301F-11D3-BF4B-00C04F79EFBC}") = "MaxCount.Tests", "MaxCount.Tests\MaxCount.Tests.csproj", "{6F2DAEBE-B4AF-4153-B02D-618860490DCA}"
EndProject
Project("{2150E333-8FDC-42A3-9474-1A3956D46DE8}") = "B-HousesAndShops", "B-HousesAndShops", "{3B8389CE-F0B5-4A94-881A-4014487415D6}"
EndProject
Project("{FAE04EC0-301F-11D3-BF4B-00C04F79EFBC}") = "HousesAndShops", "HousesAndShops\HousesAndShops.csproj", "{86F93A2E-5A72-41E7-A8DB-6F8D8C645521}"
EndProject
Project("{FAE04EC0-301F-11D3-BF4B-00C04F79EFBC}") = "HousesAndShops.Tests", "HousesAndShops.Tests\HousesAndShops.Tests.csproj", "{0A412E0D-FB29-4C7B-B623-46547126AFCE}"
EndProject
Project("{2150E333-8FDC-42A3-9474-1A3956D46DE8}") = "C-Palindrome", "C-Palindrome", "{74414AED-E6B9-4A21-89A1-B3DF9D99C7A2}"
EndProject
Project("{FAE04EC0-301F-11D3-BF4B-00C04F79EFBC}") = "Palindrome", "Palindrome\Palindrome.csproj", "{A3FCD0D0-BB1A-4562-97C1-B304D0914F71}"
EndProject
Project("{FAE04EC0-301F-11D3-BF4B-00C04F79EFBC}") = "Palindrome.Tests", "Palindrome.Tests\Palindrome.Tests.csproj", "{A2B2B30C-9B81-4CA3-BCAA-B33BF0E98BF2}"
EndProject
Project("{2150E333-8FDC-42A3-9474-1A3956D46DE8}") = "D-BenchesInTheAtrium", "D-BenchesInTheAtrium", "{DF522D08-DC37-45FC-A15F-1A10098854E9}"
EndProject
Project("{FAE04EC0-301F-11D3-BF4B-00C04F79EFBC}") = "BenchesInTheAtrium.Tests", "BenchesInTheAtrium.Tests\BenchesInTheAtrium.Tests.csproj", "{A973C405-08AC-4E39-8C6D-FD7D04175006}"
EndProject
Project("{FAE04EC0-301F-11D3-BF4B-00C04F79EFBC}") = "BenchesInTheAtrium", "BenchesInTheAtrium\BenchesInTheAtrium.csproj", "{E332874F-2F00-407C-BECF-198EE769FD5A}"
EndProject
Global
	GlobalSection(SolutionConfigurationPlatforms) = preSolution
		Debug|Any CPU = Debug|Any CPU
		Release|Any CPU = Release|Any CPU
	EndGlobalSection
	GlobalSection(NestedProjects) = preSolution
		{7F9DBD5E-DF84-4AC3-88B4-25647692B3E5} = {80284958-3004-44A4-BDD4-8329EADA22AC}
		{40AC540F-B5C2-43CD-B59E-9332CEC63627} = {80284958-3004-44A4-BDD4-8329EADA22AC}
		{1A638CEB-B863-4D50-86AF-9D053860DF7F} = {0809A18A-6269-4627-A5A9-7769D3C54EF6}
		{E0928FE7-7B94-4FA7-86B3-F1D490A12701} = {0809A18A-6269-4627-A5A9-7769D3C54EF6}
		{7691A450-6A3E-49FF-80B9-6FACFE8958DE} = {7F5B35FC-9421-4D23-BD97-6B7157BC7F6E}
		{AD13C001-FDC4-44CC-93F0-EC152C802144} = {7F5B35FC-9421-4D23-BD97-6B7157BC7F6E}
		{832A11C4-4292-4F0F-97E0-6EFF957D0EF1} = {32B5D841-6B50-43FB-9900-95CE75EA5C2A}
		{13A107ED-4E04-4724-9FF6-2D4ACC96095F} = {32B5D841-6B50-43FB-9900-95CE75EA5C2A}
		{AD490101-214A-4A1D-A687-FB8BC8B96C5C} = {7C31F9BB-C693-4ED3-9056-B34A83472A6C}
		{9B202A26-B84B-41D7-87D7-572EB6A6C3AF} = {7C31F9BB-C693-4ED3-9056-B34A83472A6C}
		{80284958-3004-44A4-BDD4-8329EADA22AC} = {7CEAF0F5-8454-48B7-B02A-E54B782F4E90}
		{0809A18A-6269-4627-A5A9-7769D3C54EF6} = {7CEAF0F5-8454-48B7-B02A-E54B782F4E90}
		{7F5B35FC-9421-4D23-BD97-6B7157BC7F6E} = {7CEAF0F5-8454-48B7-B02A-E54B782F4E90}
		{32B5D841-6B50-43FB-9900-95CE75EA5C2A} = {7CEAF0F5-8454-48B7-B02A-E54B782F4E90}
		{7C31F9BB-C693-4ED3-9056-B34A83472A6C} = {7CEAF0F5-8454-48B7-B02A-E54B782F4E90}
		{D30EFD3C-63BB-489F-93A8-20EEA820B4FF} = {7E90B727-188B-43F5-BFB6-C39B9C27D5A7}
		{46056E40-8E48-43B7-90AE-39BEC940E940} = {D30EFD3C-63BB-489F-93A8-20EEA820B4FF}
		{6F2DAEBE-B4AF-4153-B02D-618860490DCA} = {D30EFD3C-63BB-489F-93A8-20EEA820B4FF}
		{3B8389CE-F0B5-4A94-881A-4014487415D6} = {7E90B727-188B-43F5-BFB6-C39B9C27D5A7}
		{86F93A2E-5A72-41E7-A8DB-6F8D8C645521} = {3B8389CE-F0B5-4A94-881A-4014487415D6}
		{0A412E0D-FB29-4C7B-B623-46547126AFCE} = {3B8389CE-F0B5-4A94-881A-4014487415D6}
		{74414AED-E6B9-4A21-89A1-B3DF9D99C7A2} = {7E90B727-188B-43F5-BFB6-C39B9C27D5A7}
		{A3FCD0D0-BB1A-4562-97C1-B304D0914F71} = {74414AED-E6B9-4A21-89A1-B3DF9D99C7A2}
		{A2B2B30C-9B81-4CA3-BCAA-B33BF0E98BF2} = {74414AED-E6B9-4A21-89A1-B3DF9D99C7A2}
		{DF522D08-DC37-45FC-A15F-1A10098854E9} = {7E90B727-188B-43F5-BFB6-C39B9C27D5A7}
		{A973C405-08AC-4E39-8C6D-FD7D04175006} = {DF522D08-DC37-45FC-A15F-1A10098854E9}
		{E332874F-2F00-407C-BECF-198EE769FD5A} = {DF522D08-DC37-45FC-A15F-1A10098854E9}
	EndGlobalSection
	GlobalSection(ProjectConfigurationPlatforms) = postSolution
		{7F9DBD5E-DF84-4AC3-88B4-25647692B3E5}.Debug|Any CPU.ActiveCfg = Debug|Any CPU
		{7F9DBD5E-DF84-4AC3-88B4-25647692B3E5}.Debug|Any CPU.Build.0 = Debug|Any CPU
		{7F9DBD5E-DF84-4AC3-88B4-25647692B3E5}.Release|Any CPU.ActiveCfg = Release|Any CPU
		{7F9DBD5E-DF84-4AC3-88B4-25647692B3E5}.Release|Any CPU.Build.0 = Release|Any CPU
		{40AC540F-B5C2-43CD-B59E-9332CEC63627}.Debug|Any CPU.ActiveCfg = Debug|Any CPU
		{40AC540F-B5C2-43CD-B59E-9332CEC63627}.Debug|Any CPU.Build.0 = Debug|Any CPU
		{40AC540F-B5C2-43CD-B59E-9332CEC63627}.Release|Any CPU.ActiveCfg = Release|Any CPU
		{40AC540F-B5C2-43CD-B59E-9332CEC63627}.Release|Any CPU.Build.0 = Release|Any CPU
		{1A638CEB-B863-4D50-86AF-9D053860DF7F}.Debug|Any CPU.ActiveCfg = Debug|Any CPU
		{1A638CEB-B863-4D50-86AF-9D053860DF7F}.Debug|Any CPU.Build.0 = Debug|Any CPU
		{1A638CEB-B863-4D50-86AF-9D053860DF7F}.Release|Any CPU.ActiveCfg = Release|Any CPU
		{1A638CEB-B863-4D50-86AF-9D053860DF7F}.Release|Any CPU.Build.0 = Release|Any CPU
		{E0928FE7-7B94-4FA7-86B3-F1D490A12701}.Debug|Any CPU.ActiveCfg = Debug|Any CPU
		{E0928FE7-7B94-4FA7-86B3-F1D490A12701}.Debug|Any CPU.Build.0 = Debug|Any CPU
		{E0928FE7-7B94-4FA7-86B3-F1D490A12701}.Release|Any CPU.ActiveCfg = Release|Any CPU
		{E0928FE7-7B94-4FA7-86B3-F1D490A12701}.Release|Any CPU.Build.0 = Release|Any CPU
		{7691A450-6A3E-49FF-80B9-6FACFE8958DE}.Debug|Any CPU.ActiveCfg = Debug|Any CPU
		{7691A450-6A3E-49FF-80B9-6FACFE8958DE}.Debug|Any CPU.Build.0 = Debug|Any CPU
		{7691A450-6A3E-49FF-80B9-6FACFE8958DE}.Release|Any CPU.ActiveCfg = Release|Any CPU
		{7691A450-6A3E-49FF-80B9-6FACFE8958DE}.Release|Any CPU.Build.0 = Release|Any CPU
		{AD13C001-FDC4-44CC-93F0-EC152C802144}.Debug|Any CPU.ActiveCfg = Debug|Any CPU
		{AD13C001-FDC4-44CC-93F0-EC152C802144}.Debug|Any CPU.Build.0 = Debug|Any CPU
		{AD13C001-FDC4-44CC-93F0-EC152C802144}.Release|Any CPU.ActiveCfg = Release|Any CPU
		{AD13C001-FDC4-44CC-93F0-EC152C802144}.Release|Any CPU.Build.0 = Release|Any CPU
		{832A11C4-4292-4F0F-97E0-6EFF957D0EF1}.Debug|Any CPU.ActiveCfg = Debug|Any CPU
		{832A11C4-4292-4F0F-97E0-6EFF957D0EF1}.Debug|Any CPU.Build.0 = Debug|Any CPU
		{832A11C4-4292-4F0F-97E0-6EFF957D0EF1}.Release|Any CPU.ActiveCfg = Release|Any CPU
		{832A11C4-4292-4F0F-97E0-6EFF957D0EF1}.Release|Any CPU.Build.0 = Release|Any CPU
		{13A107ED-4E04-4724-9FF6-2D4ACC96095F}.Debug|Any CPU.ActiveCfg = Debug|Any CPU
		{13A107ED-4E04-4724-9FF6-2D4ACC96095F}.Debug|Any CPU.Build.0 = Debug|Any CPU
		{13A107ED-4E04-4724-9FF6-2D4ACC96095F}.Release|Any CPU.ActiveCfg = Release|Any CPU
		{13A107ED-4E04-4724-9FF6-2D4ACC96095F}.Release|Any CPU.Build.0 = Release|Any CPU
		{AD490101-214A-4A1D-A687-FB8BC8B96C5C}.Debug|Any CPU.ActiveCfg = Debug|Any CPU
		{AD490101-214A-4A1D-A687-FB8BC8B96C5C}.Debug|Any CPU.Build.0 = Debug|Any CPU
		{AD490101-214A-4A1D-A687-FB8BC8B96C5C}.Release|Any CPU.ActiveCfg = Release|Any CPU
		{AD490101-214A-4A1D-A687-FB8BC8B96C5C}.Release|Any CPU.Build.0 = Release|Any CPU
		{9B202A26-B84B-41D7-87D7-572EB6A6C3AF}.Debug|Any CPU.ActiveCfg = Debug|Any CPU
		{9B202A26-B84B-41D7-87D7-572EB6A6C3AF}.Debug|Any CPU.Build.0 = Debug|Any CPU
		{9B202A26-B84B-41D7-87D7-572EB6A6C3AF}.Release|Any CPU.ActiveCfg = Release|Any CPU
		{9B202A26-B84B-41D7-87D7-572EB6A6C3AF}.Release|Any CPU.Build.0 = Release|Any CPU
		{46056E40-8E48-43B7-90AE-39BEC940E940}.Debug|Any CPU.ActiveCfg = Debug|Any CPU
		{46056E40-8E48-43B7-90AE-39BEC940E940}.Debug|Any CPU.Build.0 = Debug|Any CPU
		{46056E40-8E48-43B7-90AE-39BEC940E940}.Release|Any CPU.ActiveCfg = Release|Any CPU
		{46056E40-8E48-43B7-90AE-39BEC940E940}.Release|Any CPU.Build.0 = Release|Any CPU
		{6F2DAEBE-B4AF-4153-B02D-618860490DCA}.Debug|Any CPU.ActiveCfg = Debug|Any CPU
		{6F2DAEBE-B4AF-4153-B02D-618860490DCA}.Debug|Any CPU.Build.0 = Debug|Any CPU
		{6F2DAEBE-B4AF-4153-B02D-618860490DCA}.Release|Any CPU.ActiveCfg = Release|Any CPU
		{6F2DAEBE-B4AF-4153-B02D-618860490DCA}.Release|Any CPU.Build.0 = Release|Any CPU
		{86F93A2E-5A72-41E7-A8DB-6F8D8C645521}.Debug|Any CPU.ActiveCfg = Debug|Any CPU
		{86F93A2E-5A72-41E7-A8DB-6F8D8C645521}.Debug|Any CPU.Build.0 = Debug|Any CPU
		{86F93A2E-5A72-41E7-A8DB-6F8D8C645521}.Release|Any CPU.ActiveCfg = Release|Any CPU
		{86F93A2E-5A72-41E7-A8DB-6F8D8C645521}.Release|Any CPU.Build.0 = Release|Any CPU
		{0A412E0D-FB29-4C7B-B623-46547126AFCE}.Debug|Any CPU.ActiveCfg = Debug|Any CPU
		{0A412E0D-FB29-4C7B-B623-46547126AFCE}.Debug|Any CPU.Build.0 = Debug|Any CPU
		{0A412E0D-FB29-4C7B-B623-46547126AFCE}.Release|Any CPU.ActiveCfg = Release|Any CPU
		{0A412E0D-FB29-4C7B-B623-46547126AFCE}.Release|Any CPU.Build.0 = Release|Any CPU
		{A3FCD0D0-BB1A-4562-97C1-B304D0914F71}.Debug|Any CPU.ActiveCfg = Debug|Any CPU
		{A3FCD0D0-BB1A-4562-97C1-B304D0914F71}.Debug|Any CPU.Build.0 = Debug|Any CPU
		{A3FCD0D0-BB1A-4562-97C1-B304D0914F71}.Release|Any CPU.ActiveCfg = Release|Any CPU
		{A3FCD0D0-BB1A-4562-97C1-B304D0914F71}.Release|Any CPU.Build.0 = Release|Any CPU
		{A2B2B30C-9B81-4CA3-BCAA-B33BF0E98BF2}.Debug|Any CPU.ActiveCfg = Debug|Any CPU
		{A2B2B30C-9B81-4CA3-BCAA-B33BF0E98BF2}.Debug|Any CPU.Build.0 = Debug|Any CPU
		{A2B2B30C-9B81-4CA3-BCAA-B33BF0E98BF2}.Release|Any CPU.ActiveCfg = Release|Any CPU
		{A2B2B30C-9B81-4CA3-BCAA-B33BF0E98BF2}.Release|Any CPU.Build.0 = Release|Any CPU
		{A973C405-08AC-4E39-8C6D-FD7D04175006}.Debug|Any CPU.ActiveCfg = Debug|Any CPU
		{A973C405-08AC-4E39-8C6D-FD7D04175006}.Debug|Any CPU.Build.0 = Debug|Any CPU
		{A973C405-08AC-4E39-8C6D-FD7D04175006}.Release|Any CPU.ActiveCfg = Release|Any CPU
		{A973C405-08AC-4E39-8C6D-FD7D04175006}.Release|Any CPU.Build.0 = Release|Any CPU
		{E332874F-2F00-407C-BECF-198EE769FD5A}.Debug|Any CPU.ActiveCfg = Debug|Any CPU
		{E332874F-2F00-407C-BECF-198EE769FD5A}.Debug|Any CPU.Build.0 = Debug|Any CPU
		{E332874F-2F00-407C-BECF-198EE769FD5A}.Release|Any CPU.ActiveCfg = Release|Any CPU
		{E332874F-2F00-407C-BECF-198EE769FD5A}.Release|Any CPU.Build.0 = Release|Any CPU
	EndGlobalSection
EndGlobal
